// !$*UTF8*$!
{
	archiveVersion = 1;
	classes = {
	};
	objectVersion = 54;
	objects = {

/* Begin PBXBuildFile section */
		F465AC322816EF2D00D32FCB /* PhotosTableViewCell.swift in Sources */ = {isa = PBXBuildFile; fileRef = F465AC312816EF2D00D32FCB /* PhotosTableViewCell.swift */; };
		F480C47E27F3327C004E6B14 /* AppDelegate.swift in Sources */ = {isa = PBXBuildFile; fileRef = F480C47D27F3327C004E6B14 /* AppDelegate.swift */; };
		F480C48027F3327C004E6B14 /* SceneDelegate.swift in Sources */ = {isa = PBXBuildFile; fileRef = F480C47F27F3327C004E6B14 /* SceneDelegate.swift */; };
		F480C48727F33282004E6B14 /* Assets.xcassets in Resources */ = {isa = PBXBuildFile; fileRef = F480C48627F33282004E6B14 /* Assets.xcassets */; };
		F480C49527F33842004E6B14 /* FeedViewController.swift in Sources */ = {isa = PBXBuildFile; fileRef = F480C49427F33842004E6B14 /* FeedViewController.swift */; };
		F480C49827F3385A004E6B14 /* ProfileViewController.swift in Sources */ = {isa = PBXBuildFile; fileRef = F480C49727F3385A004E6B14 /* ProfileViewController.swift */; };
		F480C49D27F33B65004E6B14 /* PostViewController.swift in Sources */ = {isa = PBXBuildFile; fileRef = F480C49C27F33B65004E6B14 /* PostViewController.swift */; };
		F480C4A027F33C37004E6B14 /* Post.swift in Sources */ = {isa = PBXBuildFile; fileRef = F480C49F27F33C37004E6B14 /* Post.swift */; };
		F480C4A327F33DC8004E6B14 /* InfoViewController.swift in Sources */ = {isa = PBXBuildFile; fileRef = F480C4A227F33DC8004E6B14 /* InfoViewController.swift */; };
		F497465928020846009C0FAF /* ColorExtension.swift in Sources */ = {isa = PBXBuildFile; fileRef = F497465828020846009C0FAF /* ColorExtension.swift */; };
		F497465C28020895009C0FAF /* LogInViewController.swift in Sources */ = {isa = PBXBuildFile; fileRef = F497465B28020895009C0FAF /* LogInViewController.swift */; };
		F4995DE927FDCC1D00993AD1 /* ProfileHeaderView.swift in Sources */ = {isa = PBXBuildFile; fileRef = F4995DE827FDCC1D00993AD1 /* ProfileHeaderView.swift */; };
		F4E514BB280B48C9005A37CF /* PostTableViewCell.swift in Sources */ = {isa = PBXBuildFile; fileRef = F4E514BA280B48C9005A37CF /* PostTableViewCell.swift */; };
/* End PBXBuildFile section */

/* Begin PBXFileReference section */
		F465AC312816EF2D00D32FCB /* PhotosTableViewCell.swift */ = {isa = PBXFileReference; lastKnownFileType = sourcecode.swift; path = PhotosTableViewCell.swift; sourceTree = "<group>"; };
		F480C47A27F3327C004E6B14 /* Navigation.app */ = {isa = PBXFileReference; explicitFileType = wrapper.application; includeInIndex = 0; path = Navigation.app; sourceTree = BUILT_PRODUCTS_DIR; };
		F480C47D27F3327C004E6B14 /* AppDelegate.swift */ = {isa = PBXFileReference; lastKnownFileType = sourcecode.swift; path = AppDelegate.swift; sourceTree = "<group>"; };
		F480C47F27F3327C004E6B14 /* SceneDelegate.swift */ = {isa = PBXFileReference; lastKnownFileType = sourcecode.swift; path = SceneDelegate.swift; sourceTree = "<group>"; };
		F480C48627F33282004E6B14 /* Assets.xcassets */ = {isa = PBXFileReference; lastKnownFileType = folder.assetcatalog; path = Assets.xcassets; sourceTree = "<group>"; };
		F480C48B27F33282004E6B14 /* Info.plist */ = {isa = PBXFileReference; lastKnownFileType = text.plist.xml; path = Info.plist; sourceTree = "<group>"; };
		F480C49427F33842004E6B14 /* FeedViewController.swift */ = {isa = PBXFileReference; lastKnownFileType = sourcecode.swift; path = FeedViewController.swift; sourceTree = "<group>"; };
		F480C49727F3385A004E6B14 /* ProfileViewController.swift */ = {isa = PBXFileReference; lastKnownFileType = sourcecode.swift; path = ProfileViewController.swift; sourceTree = "<group>"; };
		F480C49C27F33B65004E6B14 /* PostViewController.swift */ = {isa = PBXFileReference; lastKnownFileType = sourcecode.swift; path = PostViewController.swift; sourceTree = "<group>"; };
		F480C49F27F33C37004E6B14 /* Post.swift */ = {isa = PBXFileReference; lastKnownFileType = sourcecode.swift; path = Post.swift; sourceTree = "<group>"; };
		F480C4A227F33DC8004E6B14 /* InfoViewController.swift */ = {isa = PBXFileReference; lastKnownFileType = sourcecode.swift; path = InfoViewController.swift; sourceTree = "<group>"; };
		F497465828020846009C0FAF /* ColorExtension.swift */ = {isa = PBXFileReference; lastKnownFileType = sourcecode.swift; path = ColorExtension.swift; sourceTree = "<group>"; };
		F497465B28020895009C0FAF /* LogInViewController.swift */ = {isa = PBXFileReference; lastKnownFileType = sourcecode.swift; path = LogInViewController.swift; sourceTree = "<group>"; };
		F4995DE827FDCC1D00993AD1 /* ProfileHeaderView.swift */ = {isa = PBXFileReference; lastKnownFileType = sourcecode.swift; path = ProfileHeaderView.swift; sourceTree = "<group>"; };
		F4E514BA280B48C9005A37CF /* PostTableViewCell.swift */ = {isa = PBXFileReference; lastKnownFileType = sourcecode.swift; path = PostTableViewCell.swift; sourceTree = "<group>"; };
/* End PBXFileReference section */

/* Begin PBXFrameworksBuildPhase section */
		F480C47727F3327C004E6B14 /* Frameworks */ = {
			isa = PBXFrameworksBuildPhase;
			buildActionMask = 2147483647;
			files = (
			);
			runOnlyForDeploymentPostprocessing = 0;
		};
/* End PBXFrameworksBuildPhase section */

/* Begin PBXGroup section */
		F480C47127F3327C004E6B14 = {
			isa = PBXGroup;
			children = (
				F480C47C27F3327C004E6B14 /* Navigation */,
				F480C47B27F3327C004E6B14 /* Products */,
			);
			sourceTree = "<group>";
		};
		F480C47B27F3327C004E6B14 /* Products */ = {
			isa = PBXGroup;
			children = (
				F480C47A27F3327C004E6B14 /* Navigation.app */,
			);
			name = Products;
			sourceTree = "<group>";
		};
		F480C47C27F3327C004E6B14 /* Navigation */ = {
			isa = PBXGroup;
			children = (
				F497465828020846009C0FAF /* ColorExtension.swift */,
				F4995DE727FDCBF100993AD1 /* Profile */,
				F480C47D27F3327C004E6B14 /* AppDelegate.swift */,
				F480C47F27F3327C004E6B14 /* SceneDelegate.swift */,
				F480C49C27F33B65004E6B14 /* PostViewController.swift */,
				F480C49427F33842004E6B14 /* FeedViewController.swift */,
				F480C49F27F33C37004E6B14 /* Post.swift */,
				F480C48627F33282004E6B14 /* Assets.xcassets */,
				F480C4A227F33DC8004E6B14 /* InfoViewController.swift */,
				F480C48B27F33282004E6B14 /* Info.plist */,
			);
			path = Navigation;
			sourceTree = "<group>";
		};
		F4995DE727FDCBF100993AD1 /* Profile */ = {
			isa = PBXGroup;
			children = (
				F480C49727F3385A004E6B14 /* ProfileViewController.swift */,
				F4E514BA280B48C9005A37CF /* PostTableViewCell.swift */,
				F4995DE827FDCC1D00993AD1 /* ProfileHeaderView.swift */,
				F497465B28020895009C0FAF /* LogInViewController.swift */,
				F465AC312816EF2D00D32FCB /* PhotosTableViewCell.swift */,
			);
			name = Profile;
			sourceTree = "<group>";
		};
/* End PBXGroup section */

/* Begin PBXNativeTarget section */
		F480C47927F3327C004E6B14 /* Navigation */ = {
			isa = PBXNativeTarget;
			buildConfigurationList = F480C48E27F33282004E6B14 /* Build configuration list for PBXNativeTarget "Navigation" */;
			buildPhases = (
				F480C47627F3327C004E6B14 /* Sources */,
				F480C47727F3327C004E6B14 /* Frameworks */,
				F480C47827F3327C004E6B14 /* Resources */,
			);
			buildRules = (
			);
			dependencies = (
			);
			name = Navigation;
			productName = Navigation;
			productReference = F480C47A27F3327C004E6B14 /* Navigation.app */;
			productType = "com.apple.product-type.application";
		};
/* End PBXNativeTarget section */

/* Begin PBXProject section */
		F480C47227F3327C004E6B14 /* Project object */ = {
			isa = PBXProject;
			attributes = {
				LastSwiftUpdateCheck = 1240;
				LastUpgradeCheck = 1240;
				TargetAttributes = {
					F480C47927F3327C004E6B14 = {
						CreatedOnToolsVersion = 12.4;
					};
				};
			};
			buildConfigurationList = F480C47527F3327C004E6B14 /* Build configuration list for PBXProject "Navigation" */;
			compatibilityVersion = "Xcode 12.0";
			developmentRegion = en;
			hasScannedForEncodings = 0;
			knownRegions = (
				en,
				Base,
			);
			mainGroup = F480C47127F3327C004E6B14;
			productRefGroup = F480C47B27F3327C004E6B14 /* Products */;
			projectDirPath = "";
			projectRoot = "";
			targets = (
				F480C47927F3327C004E6B14 /* Navigation */,
			);
		};
/* End PBXProject section */

/* Begin PBXResourcesBuildPhase section */
		F480C47827F3327C004E6B14 /* Resources */ = {
			isa = PBXResourcesBuildPhase;
			buildActionMask = 2147483647;
			files = (
				F480C48727F33282004E6B14 /* Assets.xcassets in Resources */,
			);
			runOnlyForDeploymentPostprocessing = 0;
		};
/* End PBXResourcesBuildPhase section */

/* Begin PBXSourcesBuildPhase section */
		F480C47627F3327C004E6B14 /* Sources */ = {
			isa = PBXSourcesBuildPhase;
			buildActionMask = 2147483647;
			files = (
				F465AC322816EF2D00D32FCB /* PhotosTableViewCell.swift in Sources */,
				F4E514BB280B48C9005A37CF /* PostTableViewCell.swift in Sources */,
				F480C47E27F3327C004E6B14 /* AppDelegate.swift in Sources */,
				F480C49827F3385A004E6B14 /* ProfileViewController.swift in Sources */,
				F480C49527F33842004E6B14 /* FeedViewController.swift in Sources */,
				F497465928020846009C0FAF /* ColorExtension.swift in Sources */,
				F480C4A327F33DC8004E6B14 /* InfoViewController.swift in Sources */,
				F480C4A027F33C37004E6B14 /* Post.swift in Sources */,
				F480C48027F3327C004E6B14 /* SceneDelegate.swift in Sources */,
				F480C49D27F33B65004E6B14 /* PostViewController.swift in Sources */,
				F497465C28020895009C0FAF /* LogInViewController.swift in Sources */,
				F4995DE927FDCC1D00993AD1 /* ProfileHeaderView.swift in Sources */,
			);
			runOnlyForDeploymentPostprocessing = 0;
		};
/* End PBXSourcesBuildPhase section */

/* Begin XCBuildConfiguration section */
		F480C48C27F33282004E6B14 /* Debug */ = {
			isa = XCBuildConfiguration;
			buildSettings = {
				ALWAYS_SEARCH_USER_PATHS = NO;
				CLANG_ANALYZER_NONNULL = YES;
				CLANG_ANALYZER_NUMBER_OBJECT_CONVERSION = YES_AGGRESSIVE;
				CLANG_CXX_LANGUAGE_STANDARD = "gnu++14";
				CLANG_CXX_LIBRARY = "libc++";
				CLANG_ENABLE_MODULES = YES;
				CLANG_ENABLE_OBJC_ARC = YES;
				CLANG_ENABLE_OBJC_WEAK = YES;
				CLANG_WARN_BLOCK_CAPTURE_AUTORELEASING = YES;
				CLANG_WARN_BOOL_CONVERSION = YES;
				CLANG_WARN_COMMA = YES;
				CLANG_WARN_CONSTANT_CONVERSION = YES;
				CLANG_WARN_DEPRECATED_OBJC_IMPLEMENTATIONS = YES;
				CLANG_WARN_DIRECT_OBJC_ISA_USAGE = YES_ERROR;
				CLANG_WARN_DOCUMENTATION_COMMENTS = YES;
				CLANG_WARN_EMPTY_BODY = YES;
				CLANG_WARN_ENUM_CONVERSION = YES;
				CLANG_WARN_INFINITE_RECURSION = YES;
				CLANG_WARN_INT_CONVERSION = YES;
				CLANG_WARN_NON_LITERAL_NULL_CONVERSION = YES;
				CLANG_WARN_OBJC_IMPLICIT_RETAIN_SELF = YES;
				CLANG_WARN_OBJC_LITERAL_CONVERSION = YES;
				CLANG_WARN_OBJC_ROOT_CLASS = YES_ERROR;
				CLANG_WARN_QUOTED_INCLUDE_IN_FRAMEWORK_HEADER = YES;
				CLANG_WARN_RANGE_LOOP_ANALYSIS = YES;
				CLANG_WARN_STRICT_PROTOTYPES = YES;
				CLANG_WARN_SUSPICIOUS_MOVE = YES;
				CLANG_WARN_UNGUARDED_AVAILABILITY = YES_AGGRESSIVE;
				CLANG_WARN_UNREACHABLE_CODE = YES;
				CLANG_WARN__DUPLICATE_METHOD_MATCH = YES;
				COPY_PHASE_STRIP = NO;
				DEBUG_INFORMATION_FORMAT = dwarf;
				ENABLE_STRICT_OBJC_MSGSEND = YES;
				ENABLE_TESTABILITY = YES;
				GCC_C_LANGUAGE_STANDARD = gnu11;
				GCC_DYNAMIC_NO_PIC = NO;
				GCC_NO_COMMON_BLOCKS = YES;
				GCC_OPTIMIZATION_LEVEL = 0;
				GCC_PREPROCESSOR_DEFINITIONS = (
					"DEBUG=1",
					"$(inherited)",
				);
				GCC_WARN_64_TO_32_BIT_CONVERSION = YES;
				GCC_WARN_ABOUT_RETURN_TYPE = YES_ERROR;
				GCC_WARN_UNDECLARED_SELECTOR = YES;
				GCC_WARN_UNINITIALIZED_AUTOS = YES_AGGRESSIVE;
				GCC_WARN_UNUSED_FUNCTION = YES;
				GCC_WARN_UNUSED_VARIABLE = YES;
				IPHONEOS_DEPLOYMENT_TARGET = 13.0;
				MTL_ENABLE_DEBUG_INFO = INCLUDE_SOURCE;
				MTL_FAST_MATH = YES;
				ONLY_ACTIVE_ARCH = YES;
				SDKROOT = iphoneos;
				SWIFT_ACTIVE_COMPILATION_CONDITIONS = DEBUG;
				SWIFT_OPTIMIZATION_LEVEL = "-Onone";
			};
			name = Debug;
		};
		F480C48D27F33282004E6B14 /* Release */ = {
			isa = XCBuildConfiguration;
			buildSettings = {
				ALWAYS_SEARCH_USER_PATHS = NO;
				CLANG_ANALYZER_NONNULL = YES;
				CLANG_ANALYZER_NUMBER_OBJECT_CONVERSION = YES_AGGRESSIVE;
				CLANG_CXX_LANGUAGE_STANDARD = "gnu++14";
				CLANG_CXX_LIBRARY = "libc++";
				CLANG_ENABLE_MODULES = YES;
				CLANG_ENABLE_OBJC_ARC = YES;
				CLANG_ENABLE_OBJC_WEAK = YES;
				CLANG_WARN_BLOCK_CAPTURE_AUTORELEASING = YES;
				CLANG_WARN_BOOL_CONVERSION = YES;
				CLANG_WARN_COMMA = YES;
				CLANG_WARN_CONSTANT_CONVERSION = YES;
				CLANG_WARN_DEPRECATED_OBJC_IMPLEMENTATIONS = YES;
				CLANG_WARN_DIRECT_OBJC_ISA_USAGE = YES_ERROR;
				CLANG_WARN_DOCUMENTATION_COMMENTS = YES;
				CLANG_WARN_EMPTY_BODY = YES;
				CLANG_WARN_ENUM_CONVERSION = YES;
				CLANG_WARN_INFINITE_RECURSION = YES;
				CLANG_WARN_INT_CONVERSION = YES;
				CLANG_WARN_NON_LITERAL_NULL_CONVERSION = YES;
				CLANG_WARN_OBJC_IMPLICIT_RETAIN_SELF = YES;
				CLANG_WARN_OBJC_LITERAL_CONVERSION = YES;
				CLANG_WARN_OBJC_ROOT_CLASS = YES_ERROR;
				CLANG_WARN_QUOTED_INCLUDE_IN_FRAMEWORK_HEADER = YES;
				CLANG_WARN_RANGE_LOOP_ANALYSIS = YES;
				CLANG_WARN_STRICT_PROTOTYPES = YES;
				CLANG_WARN_SUSPICIOUS_MOVE = YES;
				CLANG_WARN_UNGUARDED_AVAILABILITY = YES_AGGRESSIVE;
				CLANG_WARN_UNREACHABLE_CODE = YES;
				CLANG_WARN__DUPLICATE_METHOD_MATCH = YES;
				COPY_PHASE_STRIP = NO;
				DEBUG_INFORMATION_FORMAT = "dwarf-with-dsym";
				ENABLE_NS_ASSERTIONS = NO;
				ENABLE_STRICT_OBJC_MSGSEND = YES;
				GCC_C_LANGUAGE_STANDARD = gnu11;
				GCC_NO_COMMON_BLOCKS = YES;
				GCC_WARN_64_TO_32_BIT_CONVERSION = YES;
				GCC_WARN_ABOUT_RETURN_TYPE = YES_ERROR;
				GCC_WARN_UNDECLARED_SELECTOR = YES;
				GCC_WARN_UNINITIALIZED_AUTOS = YES_AGGRESSIVE;
				GCC_WARN_UNUSED_FUNCTION = YES;
				GCC_WARN_UNUSED_VARIABLE = YES;
				IPHONEOS_DEPLOYMENT_TARGET = 13.0;
				MTL_ENABLE_DEBUG_INFO = NO;
				MTL_FAST_MATH = YES;
				SDKROOT = iphoneos;
				SWIFT_COMPILATION_MODE = wholemodule;
				SWIFT_OPTIMIZATION_LEVEL = "-O";
				VALIDATE_PRODUCT = YES;
			};
			name = Release;
		};
		F480C48F27F33282004E6B14 /* Debug */ = {
			isa = XCBuildConfiguration;
			buildSettings = {
				ASSETCATALOG_COMPILER_APPICON_NAME = AppIcon;
				ASSETCATALOG_COMPILER_GLOBAL_ACCENT_COLOR_NAME = AccentColor;
				CODE_SIGN_STYLE = Automatic;
				INFOPLIST_FILE = Navigation/Info.plist;
				IPHONEOS_DEPLOYMENT_TARGET = 13.0;
				LD_RUNPATH_SEARCH_PATHS = (
					"$(inherited)",
					"@executable_path/Frameworks",
				);
				PRODUCT_BUNDLE_IDENTIFIER = "-.Navigation";
				PRODUCT_NAME = "$(TARGET_NAME)";
				SWIFT_VERSION = 5.0;
				TARGETED_DEVICE_FAMILY = 1;
			};
			name = Debug;
		};
		F480C49027F33282004E6B14 /* Release */ = {
			isa = XCBuildConfiguration;
			buildSettings = {
				ASSETCATALOG_COMPILER_APPICON_NAME = AppIcon;
				ASSETCATALOG_COMPILER_GLOBAL_ACCENT_COLOR_NAME = AccentColor;
				CODE_SIGN_STYLE = Automatic;
				INFOPLIST_FILE = Navigation/Info.plist;
				IPHONEOS_DEPLOYMENT_TARGET = 13.0;
				LD_RUNPATH_SEARCH_PATHS = (
					"$(inherited)",
					"@executable_path/Frameworks",
				);
				PRODUCT_BUNDLE_IDENTIFIER = "-.Navigation";
				PRODUCT_NAME = "$(TARGET_NAME)";
				SWIFT_VERSION = 5.0;
				TARGETED_DEVICE_FAMILY = 1;
			};
			name = Release;
		};
/* End XCBuildConfiguration section */

/* Begin XCConfigurationList section */
		F480C47527F3327C004E6B14 /* Build configuration list for PBXProject "Navigation" */ = {
			isa = XCConfigurationList;
			buildConfigurations = (
				F480C48C27F33282004E6B14 /* Debug */,
				F480C48D27F33282004E6B14 /* Release */,
			);
			defaultConfigurationIsVisible = 0;
			defaultConfigurationName = Release;
		};
		F480C48E27F33282004E6B14 /* Build configuration list for PBXNativeTarget "Navigation" */ = {
			isa = XCConfigurationList;
			buildConfigurations = (
				F480C48F27F33282004E6B14 /* Debug */,
				F480C49027F33282004E6B14 /* Release */,
			);
			defaultConfigurationIsVisible = 0;
			defaultConfigurationName = Release;
		};
/* End XCConfigurationList section */
	};
	rootObject = F480C47227F3327C004E6B14 /* Project object */;
}
